// !$*UTF8*$!
{
	archiveVersion = 1;
	classes = {
	};
	objectVersion = 48;
	objects = {

/* Begin PBXBuildFile section */
		1803E55C20805B2600F720C1 /* main.m in Sources */ = {isa = PBXBuildFile; fileRef = 1803E55B20805B2600F720C1 /* main.m */; };
		1803E56420805B5700F720C1 /* LinearList.c in Sources */ = {isa = PBXBuildFile; fileRef = 1803E56220805B5700F720C1 /* LinearList.c */; };
		1803E56B2080B02700F720C1 /* MutableArray.m in Sources */ = {isa = PBXBuildFile; fileRef = 1803E56A2080B02700F720C1 /* MutableArray.m */; };
		1803E56E2080B0C100F720C1 /* Array.m in Sources */ = {isa = PBXBuildFile; fileRef = 1803E56D2080B0C100F720C1 /* Array.m */; };
		18C077D220844C5E00355EB1 /* Person.m in Sources */ = {isa = PBXBuildFile; fileRef = 18C077D120844C5E00355EB1 /* Person.m */; };
/* End PBXBuildFile section */

/* Begin PBXCopyFilesBuildPhase section */
		1803E55620805B2600F720C1 /* CopyFiles */ = {
			isa = PBXCopyFilesBuildPhase;
			buildActionMask = 2147483647;
			dstPath = /usr/share/man/man1/;
			dstSubfolderSpec = 0;
			files = (
			);
			runOnlyForDeploymentPostprocessing = 1;
		};
/* End PBXCopyFilesBuildPhase section */

/* Begin PBXFileReference section */
		1803E55820805B2600F720C1 /* LinearList */ = {isa = PBXFileReference; explicitFileType = "compiled.mach-o.executable"; includeInIndex = 0; path = LinearList; sourceTree = BUILT_PRODUCTS_DIR; };
		1803E55B20805B2600F720C1 /* main.m */ = {isa = PBXFileReference; lastKnownFileType = sourcecode.c.objc; path = main.m; sourceTree = "<group>"; };
		1803E56220805B5700F720C1 /* LinearList.c */ = {isa = PBXFileReference; lastKnownFileType = sourcecode.c.c; path = LinearList.c; sourceTree = "<group>"; };
		1803E56320805B5700F720C1 /* LinearList.h */ = {isa = PBXFileReference; lastKnownFileType = sourcecode.c.h; path = LinearList.h; sourceTree = "<group>"; };
		1803E5692080B02700F720C1 /* MutableArray.h */ = {isa = PBXFileReference; lastKnownFileType = sourcecode.c.h; path = MutableArray.h; sourceTree = "<group>"; };
		1803E56A2080B02700F720C1 /* MutableArray.m */ = {isa = PBXFileReference; lastKnownFileType = sourcecode.c.objc; path = MutableArray.m; sourceTree = "<group>"; };
		1803E56C2080B0C100F720C1 /* Array.h */ = {isa = PBXFileReference; lastKnownFileType = sourcecode.c.h; path = Array.h; sourceTree = "<group>"; };
		1803E56D2080B0C100F720C1 /* Array.m */ = {isa = PBXFileReference; lastKnownFileType = sourcecode.c.objc; path = Array.m; sourceTree = "<group>"; };
		18C077D020844C5E00355EB1 /* Person.h */ = {isa = PBXFileReference; lastKnownFileType = sourcecode.c.h; path = Person.h; sourceTree = "<group>"; };
		18C077D120844C5E00355EB1 /* Person.m */ = {isa = PBXFileReference; lastKnownFileType = sourcecode.c.objc; path = Person.m; sourceTree = "<group>"; };
/* End PBXFileReference section */

/* Begin PBXFrameworksBuildPhase section */
		1803E55520805B2600F720C1 /* Frameworks */ = {
			isa = PBXFrameworksBuildPhase;
			buildActionMask = 2147483647;
			files = (
			);
			runOnlyForDeploymentPostprocessing = 0;
		};
/* End PBXFrameworksBuildPhase section */

/* Begin PBXGroup section */
		1803E54F20805B2600F720C1 = {
			isa = PBXGroup;
			children = (
				1803E55A20805B2600F720C1 /* LinearList */,
				1803E55920805B2600F720C1 /* Products */,
			);
			sourceTree = "<group>";
		};
		1803E55920805B2600F720C1 /* Products */ = {
			isa = PBXGroup;
			children = (
				1803E55820805B2600F720C1 /* LinearList */,
			);
			name = Products;
			sourceTree = "<group>";
		};
		1803E55A20805B2600F720C1 /* LinearList */ = {
			isa = PBXGroup;
			children = (
				1803E5652080AF7100F720C1 /* LinearList */,
				1803E55B20805B2600F720C1 /* main.m */,
				1803E56C2080B0C100F720C1 /* Array.h */,
				1803E56D2080B0C100F720C1 /* Array.m */,
				1803E5692080B02700F720C1 /* MutableArray.h */,
				1803E56A2080B02700F720C1 /* MutableArray.m */,
				18C077D020844C5E00355EB1 /* Person.h */,
				18C077D120844C5E00355EB1 /* Person.m */,
			);
			path = LinearList;
			sourceTree = "<group>";
		};
		1803E5652080AF7100F720C1 /* LinearList */ = {
			isa = PBXGroup;
			children = (
				1803E56220805B5700F720C1 /* LinearList.c */,
				1803E56320805B5700F720C1 /* LinearList.h */,
			);
			path = LinearList;
			sourceTree = "<group>";
		};
/* End PBXGroup section */

/* Begin PBXNativeTarget section */
		1803E55720805B2600F720C1 /* LinearList */ = {
			isa = PBXNativeTarget;
			buildConfigurationList = 1803E55F20805B2600F720C1 /* Build configuration list for PBXNativeTarget "LinearList" */;
			buildPhases = (
				1803E55420805B2600F720C1 /* Sources */,
				1803E55520805B2600F720C1 /* Frameworks */,
				1803E55620805B2600F720C1 /* CopyFiles */,
			);
			buildRules = (
			);
			dependencies = (
			);
			name = LinearList;
			productName = LinearList;
			productReference = 1803E55820805B2600F720C1 /* LinearList */;
			productType = "com.apple.product-type.tool";
		};
/* End PBXNativeTarget section */

/* Begin PBXProject section */
		1803E55020805B2600F720C1 /* Project object */ = {
			isa = PBXProject;
			attributes = {
				LastUpgradeCheck = 0920;
				ORGANIZATIONNAME = ALD;
				TargetAttributes = {
					1803E55720805B2600F720C1 = {
						CreatedOnToolsVersion = 9.2;
						ProvisioningStyle = Automatic;
					};
				};
			};
			buildConfigurationList = 1803E55320805B2600F720C1 /* Build configuration list for PBXProject "LinearList" */;
			compatibilityVersion = "Xcode 8.0";
			developmentRegion = en;
			hasScannedForEncodings = 0;
			knownRegions = (
				en,
			);
			mainGroup = 1803E54F20805B2600F720C1;
			productRefGroup = 1803E55920805B2600F720C1 /* Products */;
			projectDirPath = "";
			projectRoot = "";
			targets = (
				1803E55720805B2600F720C1 /* LinearList */,
			);
		};
/* End PBXProject section */

/* Begin PBXSourcesBuildPhase section */
		1803E55420805B2600F720C1 /* Sources */ = {
			isa = PBXSourcesBuildPhase;
			buildActionMask = 2147483647;
			files = (
				1803E56420805B5700F720C1 /* LinearList.c in Sources */,
				1803E56E2080B0C100F720C1 /* Array.m in Sources */,
				18C077D220844C5E00355EB1 /* Person.m in Sources */,
				1803E55C20805B2600F720C1 /* main.m in Sources */,
				1803E56B2080B02700F720C1 /* MutableArray.m in Sources */,
			);
			runOnlyForDeploymentPostprocessing = 0;
		};
/* End PBXSourcesBuildPhase section */

/* Begin XCBuildConfiguration section */
		1803E55D20805B2600F720C1 /* Debug */ = {
			isa = XCBuildConfiguration;
			buildSettings = {
				ALWAYS_SEARCH_USER_PATHS = NO;
				CLANG_ANALYZER_NONNULL = YES;
				CLANG_ANALYZER_NUMBER_OBJECT_CONVERSION = YES_AGGRESSIVE;
				CLANG_CXX_LANGUAGE_STANDARD = "gnu++14";
				CLANG_CXX_LIBRARY = "libc++";
				CLANG_ENABLE_MODULES = YES;
				CLANG_ENABLE_OBJC_ARC = YES;
				CLANG_WARN_BLOCK_CAPTURE_AUTORELEASING = YES;
				CLANG_WARN_BOOL_CONVERSION = YES;
				CLANG_WARN_COMMA = YES;
				CLANG_WARN_CONSTANT_CONVERSION = YES;
				CLANG_WARN_DIRECT_OBJC_ISA_USAGE = YES_ERROR;
				CLANG_WARN_DOCUMENTATION_COMMENTS = YES;
				CLANG_WARN_EMPTY_BODY = YES;
				CLANG_WARN_ENUM_CONVERSION = YES;
				CLANG_WARN_INFINITE_RECURSION = YES;
				CLANG_WARN_INT_CONVERSION = YES;
				CLANG_WARN_NON_LITERAL_NULL_CONVERSION = YES;
				CLANG_WARN_OBJC_LITERAL_CONVERSION = YES;
				CLANG_WARN_OBJC_ROOT_CLASS = YES_ERROR;
				CLANG_WARN_RANGE_LOOP_ANALYSIS = YES;
				CLANG_WARN_STRICT_PROTOTYPES = YES;
				CLANG_WARN_SUSPICIOUS_MOVE = YES;
				CLANG_WARN_UNGUARDED_AVAILABILITY = YES_AGGRESSIVE;
				CLANG_WARN_UNREACHABLE_CODE = YES;
				CLANG_WARN__DUPLICATE_METHOD_MATCH = YES;
				CODE_SIGN_IDENTITY = "Mac Developer";
				COPY_PHASE_STRIP = NO;
				DEBUG_INFORMATION_FORMAT = dwarf;
				ENABLE_STRICT_OBJC_MSGSEND = YES;
				ENABLE_TESTABILITY = YES;
				GCC_C_LANGUAGE_STANDARD = gnu11;
				GCC_DYNAMIC_NO_PIC = NO;
				GCC_NO_COMMON_BLOCKS = YES;
				GCC_OPTIMIZATION_LEVEL = 0;
				GCC_PREPROCESSOR_DEFINITIONS = (
					"DEBUG=1",
					"$(inherited)",
				);
				GCC_WARN_64_TO_32_BIT_CONVERSION = YES;
				GCC_WARN_ABOUT_RETURN_TYPE = YES_ERROR;
				GCC_WARN_UNDECLARED_SELECTOR = YES;
				GCC_WARN_UNINITIALIZED_AUTOS = YES_AGGRESSIVE;
				GCC_WARN_UNUSED_FUNCTION = YES;
				GCC_WARN_UNUSED_VARIABLE = YES;
				MACOSX_DEPLOYMENT_TARGET = 10.12;
				MTL_ENABLE_DEBUG_INFO = YES;
				ONLY_ACTIVE_ARCH = YES;
				SDKROOT = macosx;
			};
			name = Debug;
		};
		1803E55E20805B2600F720C1 /* Release */ = {
			isa = XCBuildConfiguration;
			buildSettings = {
				ALWAYS_SEARCH_USER_PATHS = NO;
				CLANG_ANALYZER_NONNULL = YES;
				CLANG_ANALYZER_NUMBER_OBJECT_CONVERSION = YES_AGGRESSIVE;
				CLANG_CXX_LANGUAGE_STANDARD = "gnu++14";
				CLANG_CXX_LIBRARY = "libc++";
				CLANG_ENABLE_MODULES = YES;
				CLANG_ENABLE_OBJC_ARC = YES;
				CLANG_WARN_BLOCK_CAPTURE_AUTORELEASING = YES;
				CLANG_WARN_BOOL_CONVERSION = YES;
				CLANG_WARN_COMMA = YES;
				CLANG_WARN_CONSTANT_CONVERSION = YES;
				CLANG_WARN_DIRECT_OBJC_ISA_USAGE = YES_ERROR;
				CLANG_WARN_DOCUMENTATION_COMMENTS = YES;
				CLANG_WARN_EMPTY_BODY = YES;
				CLANG_WARN_ENUM_CONVERSION = YES;
				CLANG_WARN_INFINITE_RECURSION = YES;
				CLANG_WARN_INT_CONVERSION = YES;
				CLANG_WARN_NON_LITERAL_NULL_CONVERSION = YES;
				CLANG_WARN_OBJC_LITERAL_CONVERSION = YES;
				CLANG_WARN_OBJC_ROOT_CLASS = YES_ERROR;
				CLANG_WARN_RANGE_LOOP_ANALYSIS = YES;
				CLANG_WARN_STRICT_PROTOTYPES = YES;
				CLANG_WARN_SUSPICIOUS_MOVE = YES;
				CLANG_WARN_UNGUARDED_AVAILABILITY = YES_AGGRESSIVE;
				CLANG_WARN_UNREACHABLE_CODE = YES;
				CLANG_WARN__DUPLICATE_METHOD_MATCH = YES;
				CODE_SIGN_IDENTITY = "Mac Developer";
				COPY_PHASE_STRIP = NO;
				DEBUG_INFORMATION_FORMAT = "dwarf-with-dsym";
				ENABLE_NS_ASSERTIONS = NO;
				ENABLE_STRICT_OBJC_MSGSEND = YES;
				GCC_C_LANGUAGE_STANDARD = gnu11;
				GCC_NO_COMMON_BLOCKS = YES;
				GCC_WARN_64_TO_32_BIT_CONVERSION = YES;
				GCC_WARN_ABOUT_RETURN_TYPE = YES_ERROR;
				GCC_WARN_UNDECLARED_SELECTOR = YES;
				GCC_WARN_UNINITIALIZED_AUTOS = YES_AGGRESSIVE;
				GCC_WARN_UNUSED_FUNCTION = YES;
				GCC_WARN_UNUSED_VARIABLE = YES;
				MACOSX_DEPLOYMENT_TARGET = 10.12;
				MTL_ENABLE_DEBUG_INFO = NO;
				SDKROOT = macosx;
			};
			name = Release;
		};
		1803E56020805B2600F720C1 /* Debug */ = {
			isa = XCBuildConfiguration;
			buildSettings = {
				CODE_SIGN_STYLE = Automatic;
				DEVELOPMENT_TEAM = RESWVZ85JX;
				ENABLE_STRICT_OBJC_MSGSEND = NO;
				PRODUCT_NAME = "$(TARGET_NAME)";
			};
			name = Debug;
		};
		1803E56120805B2600F720C1 /* Release */ = {
			isa = XCBuildConfiguration;
			buildSettings = {
				CODE_SIGN_STYLE = Automatic;
				DEVELOPMENT_TEAM = RESWVZ85JX;
				ENABLE_STRICT_OBJC_MSGSEND = NO;
				PRODUCT_NAME = "$(TARGET_NAME)";
			};
			name = Release;
		};
/* End XCBuildConfiguration section */

/* Begin XCConfigurationList section */
		1803E55320805B2600F720C1 /* Build configuration list for PBXProject "LinearList" */ = {
			isa = XCConfigurationList;
			buildConfigurations = (
				1803E55D20805B2600F720C1 /* Debug */,
				1803E55E20805B2600F720C1 /* Release */,
			);
			defaultConfigurationIsVisible = 0;
			defaultConfigurationName = Release;
		};
		1803E55F20805B2600F720C1 /* Build configuration list for PBXNativeTarget "LinearList" */ = {
			isa = XCConfigurationList;
			buildConfigurations = (
				1803E56020805B2600F720C1 /* Debug */,
				1803E56120805B2600F720C1 /* Release */,
			);
			defaultConfigurationIsVisible = 0;
			defaultConfigurationName = Release;
		};
/* End XCConfigurationList section */
	};
	rootObject = 1803E55020805B2600F720C1 /* Project object */;
}
